
Microsoft Visual Studio Solution File, Format Version 12.00
# Visual Studio Version 17
VisualStudioVersion = 17.0.31903.59
MinimumVisualStudioVersion = 10.0.40219.1
Project("{FAE04EC0-301F-11D3-BF4B-00C04F79EFBC}") = "Devantler.CLIRunner", "Devantler.CLIRunner\Devantler.CLIRunner.csproj", "{F6A7D308-1A22-4F54-BB19-3CF40EB97B41}"
EndProject
Project("{FAE04EC0-301F-11D3-BF4B-00C04F79EFBC}") = "Devantler.CLIRunner.Tests", "Devantler.CLIRunner.Tests\Devantler.CLIRunner.Tests.csproj", "{1E358F18-332C-48E1-86E8-A0D1D971F8F4}"
EndProject
Global
	GlobalSection(SolutionConfigurationPlatforms) = preSolution
		Debug|Any CPU = Debug|Any CPU
		Release|Any CPU = Release|Any CPU
	EndGlobalSection
	GlobalSection(ProjectConfigurationPlatforms) = postSolution
		{F6A7D308-1A22-4F54-BB19-3CF40EB97B41}.Debug|Any CPU.ActiveCfg = Debug|Any CPU
		{F6A7D308-1A22-4F54-BB19-3CF40EB97B41}.Debug|Any CPU.Build.0 = Debug|Any CPU
		{F6A7D308-1A22-4F54-BB19-3CF40EB97B41}.Release|Any CPU.ActiveCfg = Release|Any CPU
		{F6A7D308-1A22-4F54-BB19-3CF40EB97B41}.Release|Any CPU.Build.0 = Release|Any CPU
		{1E358F18-332C-48E1-86E8-A0D1D971F8F4}.Debug|Any CPU.ActiveCfg = Debug|Any CPU
		{1E358F18-332C-48E1-86E8-A0D1D971F8F4}.Debug|Any CPU.Build.0 = Debug|Any CPU
		{1E358F18-332C-48E1-86E8-A0D1D971F8F4}.Release|Any CPU.ActiveCfg = Release|Any CPU
		{1E358F18-332C-48E1-86E8-A0D1D971F8F4}.Release|Any CPU.Build.0 = Release|Any CPU
	EndGlobalSection
	GlobalSection(SolutionProperties) = preSolution
		HideSolutionNode = FALSE
	EndGlobalSection
EndGlobal
